// !$*UTF8*$!
{
	archiveVersion = 1;
	classes = {
	};
	objectVersion = 46;
	objects = {

/* Begin PBXBuildFile section */
		05B59A1E1CBE8FD5005B23D5 /* main.m in Sources */ = {isa = PBXBuildFile; fileRef = 05B59A1D1CBE8FD5005B23D5 /* main.m */; };
		05B59A291CBE8FD5005B23D5 /* Assets.xcassets in Resources */ = {isa = PBXBuildFile; fileRef = 05B59A281CBE8FD5005B23D5 /* Assets.xcassets */; };
		05B59A2C1CBE8FD5005B23D5 /* LaunchScreen.storyboard in Resources */ = {isa = PBXBuildFile; fileRef = 05B59A2A1CBE8FD5005B23D5 /* LaunchScreen.storyboard */; };
		05B59A371CBE9018005B23D5 /* AppDelegate.m in Sources */ = {isa = PBXBuildFile; fileRef = 05B59A361CBE9018005B23D5 /* AppDelegate.m */; };
		05B59A491CBE91C4005B23D5 /* UIViewController+Initializing.m in Sources */ = {isa = PBXBuildFile; fileRef = 05B59A481CBE91C4005B23D5 /* UIViewController+Initializing.m */; };
		05B59A6F1CBE9B99005B23D5 /* EEContentVC.m in Sources */ = {isa = PBXBuildFile; fileRef = 05B59A6E1CBE9B99005B23D5 /* EEContentVC.m */; };
		05B59A731CBE9DF5005B23D5 /* EEMenuConroller.m in Sources */ = {isa = PBXBuildFile; fileRef = 05B59A721CBE9DF5005B23D5 /* EEMenuConroller.m */; };
		05B59A781CBEA160005B23D5 /* EEBottomPanelView.m in Sources */ = {isa = PBXBuildFile; fileRef = 05B59A771CBEA160005B23D5 /* EEBottomPanelView.m */; };
		05B59A7D1CBEA47B005B23D5 /* EEBottomPanelTabButton.m in Sources */ = {isa = PBXBuildFile; fileRef = 05B59A7C1CBEA47B005B23D5 /* EEBottomPanelTabButton.m */; };
		05B59A811CBEAB73005B23D5 /* EEMenuTab.m in Sources */ = {isa = PBXBuildFile; fileRef = 05B59A801CBEAB73005B23D5 /* EEMenuTab.m */; };
		05B59A851CBEB36A005B23D5 /* EEFloatingButton.m in Sources */ = {isa = PBXBuildFile; fileRef = 05B59A841CBEB36A005B23D5 /* EEFloatingButton.m */; };
		05B59A891CBEB5E3005B23D5 /* EEFloatingPaneView.m in Sources */ = {isa = PBXBuildFile; fileRef = 05B59A881CBEB5E3005B23D5 /* EEFloatingPaneView.m */; };
		05B59A8D1CBEB9F0005B23D5 /* EEFloatingPaneTabButton.m in Sources */ = {isa = PBXBuildFile; fileRef = 05B59A8C1CBEB9F0005B23D5 /* EEFloatingPaneTabButton.m */; };
		05B59ABD1CBFDE78005B23D5 /* EESecondViewController.m in Sources */ = {isa = PBXBuildFile; fileRef = 05B59ABC1CBFDE78005B23D5 /* EESecondViewController.m */; };
		05B59ABF1CBFDEBF005B23D5 /* EESecondViewController.xib in Resources */ = {isa = PBXBuildFile; fileRef = 05B59ABE1CBFDEBF005B23D5 /* EESecondViewController.xib */; };
		05B59AC41CBFDEC4005B23D5 /* EEFirstViewController.m in Sources */ = {isa = PBXBuildFile; fileRef = 05B59AC21CBFDEC4005B23D5 /* EEFirstViewController.m */; };
		05B59AC51CBFDEC4005B23D5 /* EEFirstViewController.xib in Resources */ = {isa = PBXBuildFile; fileRef = 05B59AC31CBFDEC4005B23D5 /* EEFirstViewController.xib */; };
		05B59ACA1CBFDF63005B23D5 /* EEThirdViewController.m in Sources */ = {isa = PBXBuildFile; fileRef = 05B59AC81CBFDF63005B23D5 /* EEThirdViewController.m */; };
		05B59ACB1CBFDF63005B23D5 /* EEThirdViewController.xib in Resources */ = {isa = PBXBuildFile; fileRef = 05B59AC91CBFDF63005B23D5 /* EEThirdViewController.xib */; };
/* End PBXBuildFile section */

/* Begin PBXFileReference section */
		05326A6D1CC2837800FC3465 /* EEMenuContentProtocol.h */ = {isa = PBXFileReference; fileEncoding = 4; lastKnownFileType = sourcecode.c.h; path = EEMenuContentProtocol.h; sourceTree = "<group>"; };
		05B59A191CBE8FD5005B23D5 /* menu-controller-example.app */ = {isa = PBXFileReference; explicitFileType = wrapper.application; includeInIndex = 0; path = "menu-controller-example.app"; sourceTree = BUILT_PRODUCTS_DIR; };
		05B59A1D1CBE8FD5005B23D5 /* main.m */ = {isa = PBXFileReference; lastKnownFileType = sourcecode.c.objc; path = main.m; sourceTree = "<group>"; };
		05B59A281CBE8FD5005B23D5 /* Assets.xcassets */ = {isa = PBXFileReference; lastKnownFileType = folder.assetcatalog; path = Assets.xcassets; sourceTree = "<group>"; };
		05B59A2B1CBE8FD5005B23D5 /* Base */ = {isa = PBXFileReference; lastKnownFileType = file.storyboard; name = Base; path = Base.lproj/LaunchScreen.storyboard; sourceTree = "<group>"; };
		05B59A2D1CBE8FD5005B23D5 /* Info.plist */ = {isa = PBXFileReference; lastKnownFileType = text.plist.xml; path = Info.plist; sourceTree = "<group>"; };
		05B59A351CBE9018005B23D5 /* AppDelegate.h */ = {isa = PBXFileReference; fileEncoding = 4; lastKnownFileType = sourcecode.c.h; path = AppDelegate.h; sourceTree = "<group>"; };
		05B59A361CBE9018005B23D5 /* AppDelegate.m */ = {isa = PBXFileReference; fileEncoding = 4; lastKnownFileType = sourcecode.c.objc; path = AppDelegate.m; sourceTree = "<group>"; };
		05B59A471CBE91C4005B23D5 /* UIViewController+Initializing.h */ = {isa = PBXFileReference; fileEncoding = 4; lastKnownFileType = sourcecode.c.h; path = "UIViewController+Initializing.h"; sourceTree = "<group>"; };
		05B59A481CBE91C4005B23D5 /* UIViewController+Initializing.m */ = {isa = PBXFileReference; fileEncoding = 4; lastKnownFileType = sourcecode.c.objc; path = "UIViewController+Initializing.m"; sourceTree = "<group>"; };
		05B59A6D1CBE9B99005B23D5 /* EEContentVC.h */ = {isa = PBXFileReference; fileEncoding = 4; lastKnownFileType = sourcecode.c.h; path = EEContentVC.h; sourceTree = "<group>"; };
		05B59A6E1CBE9B99005B23D5 /* EEContentVC.m */ = {isa = PBXFileReference; fileEncoding = 4; lastKnownFileType = sourcecode.c.objc; path = EEContentVC.m; sourceTree = "<group>"; };
		05B59A711CBE9DF5005B23D5 /* EEMenuConroller.h */ = {isa = PBXFileReference; fileEncoding = 4; lastKnownFileType = sourcecode.c.h; name = EEMenuConroller.h; path = EEMenuConroller/EEMenuConroller.h; sourceTree = "<group>"; };
		05B59A721CBE9DF5005B23D5 /* EEMenuConroller.m */ = {isa = PBXFileReference; fileEncoding = 4; lastKnownFileType = sourcecode.c.objc; name = EEMenuConroller.m; path = EEMenuConroller/EEMenuConroller.m; sourceTree = "<group>"; };
		05B59A741CBE9EB4005B23D5 /* EEMenuControllerDefines.h */ = {isa = PBXFileReference; lastKnownFileType = sourcecode.c.h; path = EEMenuControllerDefines.h; sourceTree = "<group>"; };
		05B59A761CBEA160005B23D5 /* EEBottomPanelView.h */ = {isa = PBXFileReference; fileEncoding = 4; lastKnownFileType = sourcecode.c.h; name = EEBottomPanelView.h; path = EEBottomPanelView/EEBottomPanelView.h; sourceTree = "<group>"; };
		05B59A771CBEA160005B23D5 /* EEBottomPanelView.m */ = {isa = PBXFileReference; fileEncoding = 4; lastKnownFileType = sourcecode.c.objc; name = EEBottomPanelView.m; path = EEBottomPanelView/EEBottomPanelView.m; sourceTree = "<group>"; };
		05B59A791CBEA1F0005B23D5 /* EEMenuPanelDelegate.h */ = {isa = PBXFileReference; fileEncoding = 4; lastKnownFileType = sourcecode.c.h; path = EEMenuPanelDelegate.h; sourceTree = "<group>"; };
		05B59A7B1CBEA47B005B23D5 /* EEBottomPanelTabButton.h */ = {isa = PBXFileReference; fileEncoding = 4; lastKnownFileType = sourcecode.c.h; name = EEBottomPanelTabButton.h; path = EEBottomPanelView/EEBottomPanelTabButton/EEBottomPanelTabButton.h; sourceTree = "<group>"; };
		05B59A7C1CBEA47B005B23D5 /* EEBottomPanelTabButton.m */ = {isa = PBXFileReference; fileEncoding = 4; lastKnownFileType = sourcecode.c.objc; name = EEBottomPanelTabButton.m; path = EEBottomPanelView/EEBottomPanelTabButton/EEBottomPanelTabButton.m; sourceTree = "<group>"; };
		05B59A7F1CBEAB73005B23D5 /* EEMenuTab.h */ = {isa = PBXFileReference; fileEncoding = 4; lastKnownFileType = sourcecode.c.h; name = EEMenuTab.h; path = EEMenuTab/EEMenuTab.h; sourceTree = "<group>"; };
		05B59A801CBEAB73005B23D5 /* EEMenuTab.m */ = {isa = PBXFileReference; fileEncoding = 4; lastKnownFileType = sourcecode.c.objc; name = EEMenuTab.m; path = EEMenuTab/EEMenuTab.m; sourceTree = "<group>"; };
		05B59A831CBEB36A005B23D5 /* EEFloatingButton.h */ = {isa = PBXFileReference; fileEncoding = 4; lastKnownFileType = sourcecode.c.h; name = EEFloatingButton.h; path = EEFloatingButton/EEFloatingButton.h; sourceTree = "<group>"; };
		05B59A841CBEB36A005B23D5 /* EEFloatingButton.m */ = {isa = PBXFileReference; fileEncoding = 4; lastKnownFileType = sourcecode.c.objc; name = EEFloatingButton.m; path = EEFloatingButton/EEFloatingButton.m; sourceTree = "<group>"; };
		05B59A871CBEB5E3005B23D5 /* EEFloatingPaneView.h */ = {isa = PBXFileReference; fileEncoding = 4; lastKnownFileType = sourcecode.c.h; name = EEFloatingPaneView.h; path = EEFloatingPaneView/EEFloatingPaneView.h; sourceTree = "<group>"; };
		05B59A881CBEB5E3005B23D5 /* EEFloatingPaneView.m */ = {isa = PBXFileReference; fileEncoding = 4; lastKnownFileType = sourcecode.c.objc; name = EEFloatingPaneView.m; path = EEFloatingPaneView/EEFloatingPaneView.m; sourceTree = "<group>"; };
		05B59A8B1CBEB9F0005B23D5 /* EEFloatingPaneTabButton.h */ = {isa = PBXFileReference; fileEncoding = 4; lastKnownFileType = sourcecode.c.h; name = EEFloatingPaneTabButton.h; path = EEFloatingPaneView/EEFloatingPaneTabButton/EEFloatingPaneTabButton.h; sourceTree = "<group>"; };
		05B59A8C1CBEB9F0005B23D5 /* EEFloatingPaneTabButton.m */ = {isa = PBXFileReference; fileEncoding = 4; lastKnownFileType = sourcecode.c.objc; name = EEFloatingPaneTabButton.m; path = EEFloatingPaneView/EEFloatingPaneTabButton/EEFloatingPaneTabButton.m; sourceTree = "<group>"; };
		05B59ABB1CBFDE78005B23D5 /* EESecondViewController.h */ = {isa = PBXFileReference; fileEncoding = 4; lastKnownFileType = sourcecode.c.h; name = EESecondViewController.h; path = EESecondViewController/EESecondViewController.h; sourceTree = "<group>"; };
		05B59ABC1CBFDE78005B23D5 /* EESecondViewController.m */ = {isa = PBXFileReference; fileEncoding = 4; lastKnownFileType = sourcecode.c.objc; name = EESecondViewController.m; path = EESecondViewController/EESecondViewController.m; sourceTree = "<group>"; };
		05B59ABE1CBFDEBF005B23D5 /* EESecondViewController.xib */ = {isa = PBXFileReference; fileEncoding = 4; lastKnownFileType = file.xib; name = EESecondViewController.xib; path = EESecondViewController/EESecondViewController.xib; sourceTree = "<group>"; };
		05B59AC11CBFDEC4005B23D5 /* EEFirstViewController.h */ = {isa = PBXFileReference; fileEncoding = 4; lastKnownFileType = sourcecode.c.h; path = EEFirstViewController.h; sourceTree = "<group>"; };
		05B59AC21CBFDEC4005B23D5 /* EEFirstViewController.m */ = {isa = PBXFileReference; fileEncoding = 4; lastKnownFileType = sourcecode.c.objc; path = EEFirstViewController.m; sourceTree = "<group>"; };
		05B59AC31CBFDEC4005B23D5 /* EEFirstViewController.xib */ = {isa = PBXFileReference; fileEncoding = 4; lastKnownFileType = file.xib; path = EEFirstViewController.xib; sourceTree = "<group>"; };
		05B59AC71CBFDF63005B23D5 /* EEThirdViewController.h */ = {isa = PBXFileReference; fileEncoding = 4; lastKnownFileType = sourcecode.c.h; name = EEThirdViewController.h; path = EEThirdViewController/EEThirdViewController.h; sourceTree = "<group>"; };
		05B59AC81CBFDF63005B23D5 /* EEThirdViewController.m */ = {isa = PBXFileReference; fileEncoding = 4; lastKnownFileType = sourcecode.c.objc; name = EEThirdViewController.m; path = EEThirdViewController/EEThirdViewController.m; sourceTree = "<group>"; };
		05B59AC91CBFDF63005B23D5 /* EEThirdViewController.xib */ = {isa = PBXFileReference; fileEncoding = 4; lastKnownFileType = file.xib; name = EEThirdViewController.xib; path = EEThirdViewController/EEThirdViewController.xib; sourceTree = "<group>"; };
/* End PBXFileReference section */

/* Begin PBXFrameworksBuildPhase section */
		05B59A161CBE8FD5005B23D5 /* Frameworks */ = {
			isa = PBXFrameworksBuildPhase;
			buildActionMask = 2147483647;
			files = (
			);
			runOnlyForDeploymentPostprocessing = 0;
		};
/* End PBXFrameworksBuildPhase section */

/* Begin PBXGroup section */
		05B59A101CBE8FD5005B23D5 = {
			isa = PBXGroup;
			children = (
				05B59A1B1CBE8FD5005B23D5 /* menu-controller-example */,
				05B59A1A1CBE8FD5005B23D5 /* Products */,
			);
			sourceTree = "<group>";
		};
		05B59A1A1CBE8FD5005B23D5 /* Products */ = {
			isa = PBXGroup;
			children = (
				05B59A191CBE8FD5005B23D5 /* menu-controller-example.app */,
			);
			name = Products;
			sourceTree = "<group>";
		};
		05B59A1B1CBE8FD5005B23D5 /* menu-controller-example */ = {
			isa = PBXGroup;
			children = (
				05B59A341CBE9018005B23D5 /* AppDelegate */,
				05B59A681CBE9B52005B23D5 /* MenuClasses */,
				05B59A381CBE9044005B23D5 /* Representation */,
				05B59A281CBE8FD5005B23D5 /* Assets.xcassets */,
				05B59A2A1CBE8FD5005B23D5 /* LaunchScreen.storyboard */,
				05B59A2D1CBE8FD5005B23D5 /* Info.plist */,
				05B59A1C1CBE8FD5005B23D5 /* Supporting Files */,
			);
			path = "menu-controller-example";
			sourceTree = "<group>";
		};
		05B59A1C1CBE8FD5005B23D5 /* Supporting Files */ = {
			isa = PBXGroup;
			children = (
				05B59A1D1CBE8FD5005B23D5 /* main.m */,
			);
			name = "Supporting Files";
			sourceTree = "<group>";
		};
		05B59A341CBE9018005B23D5 /* AppDelegate */ = {
			isa = PBXGroup;
			children = (
				05B59A351CBE9018005B23D5 /* AppDelegate.h */,
				05B59A361CBE9018005B23D5 /* AppDelegate.m */,
			);
			path = AppDelegate;
			sourceTree = "<group>";
		};
		05B59A381CBE9044005B23D5 /* Representation */ = {
			isa = PBXGroup;
			children = (
				05B59A451CBE918F005B23D5 /* Categories */,
				05B59A441CBE9189005B23D5 /* Custom */,
				05B59A3D1CBE90B6005B23D5 /* ViewControllers */,
			);
			name = Representation;
			sourceTree = "<group>";
		};
		05B59A3D1CBE90B6005B23D5 /* ViewControllers */ = {
			isa = PBXGroup;
			children = (
				05B59AC01CBFDEC4005B23D5 /* EEFirstViewController */,
				05B59ABA1CBFDE4C005B23D5 /* EESecondViewController */,
				05B59AC61CBFDF48005B23D5 /* EEThirdViewController */,
			);
			name = ViewControllers;
			path = Representation/ViewControllers;
			sourceTree = "<group>";
		};
		05B59A441CBE9189005B23D5 /* Custom */ = {
			isa = PBXGroup;
			children = (
			);
			name = Custom;
			path = Representation/ViewControllers;
			sourceTree = "<group>";
		};
		05B59A451CBE918F005B23D5 /* Categories */ = {
			isa = PBXGroup;
			children = (
				05B59A461CBE91C4005B23D5 /* UIViewController+Initializing */,
			);
			name = Categories;
			path = Representation/ViewControllers;
			sourceTree = "<group>";
		};
		05B59A461CBE91C4005B23D5 /* UIViewController+Initializing */ = {
			isa = PBXGroup;
			children = (
				05B59A471CBE91C4005B23D5 /* UIViewController+Initializing.h */,
				05B59A481CBE91C4005B23D5 /* UIViewController+Initializing.m */,
			);
			name = "UIViewController+Initializing";
			path = "menu-controller-example/Representation/Categories/UIViewController+Initializing";
			sourceTree = SOURCE_ROOT;
		};
		05B59A681CBE9B52005B23D5 /* MenuClasses */ = {
			isa = PBXGroup;
			children = (
				05326A6D1CC2837800FC3465 /* EEMenuContentProtocol.h */,
				05B59A741CBE9EB4005B23D5 /* EEMenuControllerDefines.h */,
				05B59A791CBEA1F0005B23D5 /* EEMenuPanelDelegate.h */,
				05B59A7E1CBEAB4E005B23D5 /* EEMenuTab */,
				05B59A821CBEB2DF005B23D5 /* EEFloatingButton */,
				05B59A861CBEB5C5005B23D5 /* EEFloatingPaneView */,
				05B59A751CBEA14D005B23D5 /* EEBottomPanelView */,
				05B59A6C1CBE9B99005B23D5 /* EEContentVC */,
				05B59A701CBE9DD7005B23D5 /* EEMenuConroller */,
			);
			name = MenuClasses;
			path = ../../../MenuClasses;
			sourceTree = "<group>";
		};
		05B59A6C1CBE9B99005B23D5 /* EEContentVC */ = {
			isa = PBXGroup;
			children = (
				05B59A6D1CBE9B99005B23D5 /* EEContentVC.h */,
				05B59A6E1CBE9B99005B23D5 /* EEContentVC.m */,
			);
			path = EEContentVC;
			sourceTree = "<group>";
		};
		05B59A701CBE9DD7005B23D5 /* EEMenuConroller */ = {
			isa = PBXGroup;
			children = (
				05B59A711CBE9DF5005B23D5 /* EEMenuConroller.h */,
				05B59A721CBE9DF5005B23D5 /* EEMenuConroller.m */,
			);
			name = EEMenuConroller;
			sourceTree = "<group>";
		};
		05B59A751CBEA14D005B23D5 /* EEBottomPanelView */ = {
			isa = PBXGroup;
			children = (
				05B59A7A1CBEA446005B23D5 /* EEBottomPanelTabButton */,
				05B59A761CBEA160005B23D5 /* EEBottomPanelView.h */,
				05B59A771CBEA160005B23D5 /* EEBottomPanelView.m */,
			);
			name = EEBottomPanelView;
			sourceTree = "<group>";
		};
		05B59A7A1CBEA446005B23D5 /* EEBottomPanelTabButton */ = {
			isa = PBXGroup;
			children = (
				05B59A7B1CBEA47B005B23D5 /* EEBottomPanelTabButton.h */,
				05B59A7C1CBEA47B005B23D5 /* EEBottomPanelTabButton.m */,
			);
			name = EEBottomPanelTabButton;
			sourceTree = "<group>";
		};
		05B59A7E1CBEAB4E005B23D5 /* EEMenuTab */ = {
			isa = PBXGroup;
			children = (
				05B59A7F1CBEAB73005B23D5 /* EEMenuTab.h */,
				05B59A801CBEAB73005B23D5 /* EEMenuTab.m */,
			);
			name = EEMenuTab;
			sourceTree = "<group>";
		};
		05B59A821CBEB2DF005B23D5 /* EEFloatingButton */ = {
			isa = PBXGroup;
			children = (
				05B59A831CBEB36A005B23D5 /* EEFloatingButton.h */,
				05B59A841CBEB36A005B23D5 /* EEFloatingButton.m */,
			);
			name = EEFloatingButton;
			sourceTree = "<group>";
		};
		05B59A861CBEB5C5005B23D5 /* EEFloatingPaneView */ = {
			isa = PBXGroup;
			children = (
				05B59A8A1CBEB9D5005B23D5 /* EEFloatingPaneTabButton */,
				05B59A871CBEB5E3005B23D5 /* EEFloatingPaneView.h */,
				05B59A881CBEB5E3005B23D5 /* EEFloatingPaneView.m */,
			);
			name = EEFloatingPaneView;
			sourceTree = "<group>";
		};
		05B59A8A1CBEB9D5005B23D5 /* EEFloatingPaneTabButton */ = {
			isa = PBXGroup;
			children = (
				05B59A8B1CBEB9F0005B23D5 /* EEFloatingPaneTabButton.h */,
				05B59A8C1CBEB9F0005B23D5 /* EEFloatingPaneTabButton.m */,
			);
			name = EEFloatingPaneTabButton;
			sourceTree = "<group>";
		};
		05B59ABA1CBFDE4C005B23D5 /* EESecondViewController */ = {
			isa = PBXGroup;
			children = (
				05B59ABB1CBFDE78005B23D5 /* EESecondViewController.h */,
				05B59ABC1CBFDE78005B23D5 /* EESecondViewController.m */,
				05B59ABE1CBFDEBF005B23D5 /* EESecondViewController.xib */,
			);
			name = EESecondViewController;
			sourceTree = "<group>";
		};
		05B59AC01CBFDEC4005B23D5 /* EEFirstViewController */ = {
			isa = PBXGroup;
			children = (
				05B59AC11CBFDEC4005B23D5 /* EEFirstViewController.h */,
				05B59AC21CBFDEC4005B23D5 /* EEFirstViewController.m */,
				05B59AC31CBFDEC4005B23D5 /* EEFirstViewController.xib */,
			);
			path = EEFirstViewController;
			sourceTree = "<group>";
		};
		05B59AC61CBFDF48005B23D5 /* EEThirdViewController */ = {
			isa = PBXGroup;
			children = (
				05B59AC71CBFDF63005B23D5 /* EEThirdViewController.h */,
				05B59AC81CBFDF63005B23D5 /* EEThirdViewController.m */,
				05B59AC91CBFDF63005B23D5 /* EEThirdViewController.xib */,
			);
			name = EEThirdViewController;
			sourceTree = "<group>";
		};
/* End PBXGroup section */

/* Begin PBXNativeTarget section */
		05B59A181CBE8FD5005B23D5 /* menu-controller-example */ = {
			isa = PBXNativeTarget;
			buildConfigurationList = 05B59A301CBE8FD5005B23D5 /* Build configuration list for PBXNativeTarget "menu-controller-example" */;
			buildPhases = (
				05B59A151CBE8FD5005B23D5 /* Sources */,
				05B59A161CBE8FD5005B23D5 /* Frameworks */,
				05B59A171CBE8FD5005B23D5 /* Resources */,
			);
			buildRules = (
			);
			dependencies = (
			);
			name = "menu-controller-example";
			productName = "menu-controller-example";
			productReference = 05B59A191CBE8FD5005B23D5 /* menu-controller-example.app */;
			productType = "com.apple.product-type.application";
		};
/* End PBXNativeTarget section */

/* Begin PBXProject section */
		05B59A111CBE8FD5005B23D5 /* Project object */ = {
			isa = PBXProject;
			attributes = {
				LastUpgradeCheck = 0720;
				ORGANIZATIONNAME = "Indeema Software Inc.";
				TargetAttributes = {
					05B59A181CBE8FD5005B23D5 = {
						CreatedOnToolsVersion = 7.2;
						DevelopmentTeam = BZ7FRR6Z9T;
					};
				};
			};
			buildConfigurationList = 05B59A141CBE8FD5005B23D5 /* Build configuration list for PBXProject "menu-controller-example" */;
			compatibilityVersion = "Xcode 3.2";
			developmentRegion = English;
			hasScannedForEncodings = 0;
			knownRegions = (
				en,
				Base,
			);
			mainGroup = 05B59A101CBE8FD5005B23D5;
			productRefGroup = 05B59A1A1CBE8FD5005B23D5 /* Products */;
			projectDirPath = "";
			projectRoot = "";
			targets = (
				05B59A181CBE8FD5005B23D5 /* menu-controller-example */,
			);
		};
/* End PBXProject section */

/* Begin PBXResourcesBuildPhase section */
		05B59A171CBE8FD5005B23D5 /* Resources */ = {
			isa = PBXResourcesBuildPhase;
			buildActionMask = 2147483647;
			files = (
				05B59ABF1CBFDEBF005B23D5 /* EESecondViewController.xib in Resources */,
				05B59ACB1CBFDF63005B23D5 /* EEThirdViewController.xib in Resources */,
				05B59AC51CBFDEC4005B23D5 /* EEFirstViewController.xib in Resources */,
				05B59A2C1CBE8FD5005B23D5 /* LaunchScreen.storyboard in Resources */,
				05B59A291CBE8FD5005B23D5 /* Assets.xcassets in Resources */,
			);
			runOnlyForDeploymentPostprocessing = 0;
		};
/* End PBXResourcesBuildPhase section */

/* Begin PBXSourcesBuildPhase section */
		05B59A151CBE8FD5005B23D5 /* Sources */ = {
			isa = PBXSourcesBuildPhase;
			buildActionMask = 2147483647;
			files = (
				05B59A891CBEB5E3005B23D5 /* EEFloatingPaneView.m in Sources */,
				05B59AC41CBFDEC4005B23D5 /* EEFirstViewController.m in Sources */,
				05B59A8D1CBEB9F0005B23D5 /* EEFloatingPaneTabButton.m in Sources */,
				05B59A491CBE91C4005B23D5 /* UIViewController+Initializing.m in Sources */,
				05B59A811CBEAB73005B23D5 /* EEMenuTab.m in Sources */,
				05B59A6F1CBE9B99005B23D5 /* EEContentVC.m in Sources */,
				05B59ABD1CBFDE78005B23D5 /* EESecondViewController.m in Sources */,
				05B59A1E1CBE8FD5005B23D5 /* main.m in Sources */,
				05B59ACA1CBFDF63005B23D5 /* EEThirdViewController.m in Sources */,
				05B59A371CBE9018005B23D5 /* AppDelegate.m in Sources */,
				05B59A7D1CBEA47B005B23D5 /* EEBottomPanelTabButton.m in Sources */,
				05B59A781CBEA160005B23D5 /* EEBottomPanelView.m in Sources */,
				05B59A731CBE9DF5005B23D5 /* EEMenuConroller.m in Sources */,
				05B59A851CBEB36A005B23D5 /* EEFloatingButton.m in Sources */,
			);
			runOnlyForDeploymentPostprocessing = 0;
		};
/* End PBXSourcesBuildPhase section */

/* Begin PBXVariantGroup section */
		05B59A2A1CBE8FD5005B23D5 /* LaunchScreen.storyboard */ = {
			isa = PBXVariantGroup;
			children = (
				05B59A2B1CBE8FD5005B23D5 /* Base */,
			);
			name = LaunchScreen.storyboard;
			sourceTree = "<group>";
		};
/* End PBXVariantGroup section */

/* Begin XCBuildConfiguration section */
		05B59A2E1CBE8FD5005B23D5 /* Debug */ = {
			isa = XCBuildConfiguration;
			buildSettings = {
				ALWAYS_SEARCH_USER_PATHS = NO;
				CLANG_CXX_LANGUAGE_STANDARD = "gnu++0x";
				CLANG_CXX_LIBRARY = "libc++";
				CLANG_ENABLE_MODULES = YES;
				CLANG_ENABLE_OBJC_ARC = YES;
				CLANG_WARN_BOOL_CONVERSION = YES;
				CLANG_WARN_CONSTANT_CONVERSION = YES;
				CLANG_WARN_DIRECT_OBJC_ISA_USAGE = YES_ERROR;
				CLANG_WARN_EMPTY_BODY = YES;
				CLANG_WARN_ENUM_CONVERSION = YES;
				CLANG_WARN_INT_CONVERSION = YES;
				CLANG_WARN_OBJC_ROOT_CLASS = YES_ERROR;
				CLANG_WARN_UNREACHABLE_CODE = YES;
				CLANG_WARN__DUPLICATE_METHOD_MATCH = YES;
				"CODE_SIGN_IDENTITY[sdk=iphoneos*]" = "iPhone Developer";
				COPY_PHASE_STRIP = NO;
				DEBUG_INFORMATION_FORMAT = dwarf;
				ENABLE_STRICT_OBJC_MSGSEND = YES;
				ENABLE_TESTABILITY = YES;
				GCC_C_LANGUAGE_STANDARD = gnu99;
				GCC_DYNAMIC_NO_PIC = NO;
				GCC_NO_COMMON_BLOCKS = YES;
				GCC_OPTIMIZATION_LEVEL = 0;
				GCC_PREPROCESSOR_DEFINITIONS = (
					"DEBUG=1",
					"$(inherited)",
				);
				GCC_WARN_64_TO_32_BIT_CONVERSION = YES;
				GCC_WARN_ABOUT_RETURN_TYPE = YES_ERROR;
				GCC_WARN_UNDECLARED_SELECTOR = YES;
				GCC_WARN_UNINITIALIZED_AUTOS = YES_AGGRESSIVE;
				GCC_WARN_UNUSED_FUNCTION = YES;
				GCC_WARN_UNUSED_VARIABLE = YES;
				IPHONEOS_DEPLOYMENT_TARGET = 9.2;
				MTL_ENABLE_DEBUG_INFO = YES;
				ONLY_ACTIVE_ARCH = YES;
				SDKROOT = iphoneos;
				TARGETED_DEVICE_FAMILY = "1,2";
			};
			name = Debug;
		};
		05B59A2F1CBE8FD5005B23D5 /* Release */ = {
			isa = XCBuildConfiguration;
			buildSettings = {
				ALWAYS_SEARCH_USER_PATHS = NO;
				CLANG_CXX_LANGUAGE_STANDARD = "gnu++0x";
				CLANG_CXX_LIBRARY = "libc++";
				CLANG_ENABLE_MODULES = YES;
				CLANG_ENABLE_OBJC_ARC = YES;
				CLANG_WARN_BOOL_CONVERSION = YES;
				CLANG_WARN_CONSTANT_CONVERSION = YES;
				CLANG_WARN_DIRECT_OBJC_ISA_USAGE = YES_ERROR;
				CLANG_WARN_EMPTY_BODY = YES;
				CLANG_WARN_ENUM_CONVERSION = YES;
				CLANG_WARN_INT_CONVERSION = YES;
				CLANG_WARN_OBJC_ROOT_CLASS = YES_ERROR;
				CLANG_WARN_UNREACHABLE_CODE = YES;
				CLANG_WARN__DUPLICATE_METHOD_MATCH = YES;
				"CODE_SIGN_IDENTITY[sdk=iphoneos*]" = "iPhone Developer";
				COPY_PHASE_STRIP = NO;
				DEBUG_INFORMATION_FORMAT = "dwarf-with-dsym";
				ENABLE_NS_ASSERTIONS = NO;
				ENABLE_STRICT_OBJC_MSGSEND = YES;
				GCC_C_LANGUAGE_STANDARD = gnu99;
				GCC_NO_COMMON_BLOCKS = YES;
				GCC_WARN_64_TO_32_BIT_CONVERSION = YES;
				GCC_WARN_ABOUT_RETURN_TYPE = YES_ERROR;
				GCC_WARN_UNDECLARED_SELECTOR = YES;
				GCC_WARN_UNINITIALIZED_AUTOS = YES_AGGRESSIVE;
				GCC_WARN_UNUSED_FUNCTION = YES;
				GCC_WARN_UNUSED_VARIABLE = YES;
				IPHONEOS_DEPLOYMENT_TARGET = 9.2;
				MTL_ENABLE_DEBUG_INFO = NO;
				SDKROOT = iphoneos;
				TARGETED_DEVICE_FAMILY = "1,2";
				VALIDATE_PRODUCT = YES;
			};
			name = Release;
		};
		05B59A311CBE8FD5005B23D5 /* Debug */ = {
			isa = XCBuildConfiguration;
			buildSettings = {
				ASSETCATALOG_COMPILER_APPICON_NAME = AppIcon;
				CODE_SIGN_IDENTITY = "iPhone Developer";
				INFOPLIST_FILE = "menu-controller-example/Info.plist";
				LD_RUNPATH_SEARCH_PATHS = "$(inherited) @executable_path/Frameworks";
				PRODUCT_BUNDLE_IDENTIFIER = "com.indeema.menu-controller-example";
				PRODUCT_NAME = "$(TARGET_NAME)";
				PROVISIONING_PROFILE = "6968b037-5b8e-4eef-a46f-c60840f82840";
				TARGETED_DEVICE_FAMILY = 1;
			};
			name = Debug;
		};
		05B59A321CBE8FD5005B23D5 /* Release */ = {
			isa = XCBuildConfiguration;
			buildSettings = {
				ASSETCATALOG_COMPILER_APPICON_NAME = AppIcon;
				CODE_SIGN_IDENTITY = "iPhone Developer";
				INFOPLIST_FILE = "menu-controller-example/Info.plist";
				LD_RUNPATH_SEARCH_PATHS = "$(inherited) @executable_path/Frameworks";
				PRODUCT_BUNDLE_IDENTIFIER = "com.indeema.menu-controller-example";
				PRODUCT_NAME = "$(TARGET_NAME)";
				PROVISIONING_PROFILE = "6968b037-5b8e-4eef-a46f-c60840f82840";
				TARGETED_DEVICE_FAMILY = 1;
			};
			name = Release;
		};
/* End XCBuildConfiguration section */

/* Begin XCConfigurationList section */
		05B59A141CBE8FD5005B23D5 /* Build configuration list for PBXProject "menu-controller-example" */ = {
			isa = XCConfigurationList;
			buildConfigurations = (
				05B59A2E1CBE8FD5005B23D5 /* Debug */,
				05B59A2F1CBE8FD5005B23D5 /* Release */,
			);
			defaultConfigurationIsVisible = 0;
			defaultConfigurationName = Release;
		};
		05B59A301CBE8FD5005B23D5 /* Build configuration list for PBXNativeTarget "menu-controller-example" */ = {
			isa = XCConfigurationList;
			buildConfigurations = (
				05B59A311CBE8FD5005B23D5 /* Debug */,
				05B59A321CBE8FD5005B23D5 /* Release */,
			);
			defaultConfigurationIsVisible = 0;
			defaultConfigurationName = Release;
		};
/* End XCConfigurationList section */
	};
	rootObject = 05B59A111CBE8FD5005B23D5 /* Project object */;
}
